
Microsoft Visual Studio Solution File, Format Version 12.00
# Visual Studio 14
VisualStudioVersion = 14.0.25420.1
MinimumVisualStudioVersion = 10.0.40219.1
Project("{FAE04EC0-301F-11D3-BF4B-00C04F79EFBC}") = "ProjectPublisher2016", "ProjectPublisher2016\ProjectPublisher2016.csproj", "{E265BBB7-2B0A-4E42-9981-FC577172398F}"
EndProject
Project("{FAE04EC0-301F-11D3-BF4B-00C04F79EFBC}") = "ProjectPublisher2016.Tests", "ProjectPublisher2016Tests\ProjectPublisher2016.Tests.csproj", "{22A4F7F2-4178-4708-BEBD-48A6CED801B1}"
EndProject
Project("{930C7802-8A8C-48F9-8165-68863BCCD9DD}") = "PublisherSetup2016WiX", "PublisherSetup2016WiX\PublisherSetup2016WiX.wixproj", "{696F4052-72D2-4BAC-9D66-171D9C13502A}"
EndProject
Project("{930C7802-8A8C-48F9-8165-68863BCCD9DD}") = "PublisherSetupBootstrapper", "PublisherSetupBootstrapper\PublisherSetupBootstrapper.wixproj", "{8C14FD8F-8F77-4C2D-998A-3B7C2E34BEE0}"
EndProject
Global
	GlobalSection(SolutionConfigurationPlatforms) = preSolution
		Debug|Any CPU = Debug|Any CPU
		Debug|x64 = Debug|x64
		Debug|x86 = Debug|x86
		Release|Any CPU = Release|Any CPU
		Release|x64 = Release|x64
		Release|x86 = Release|x86
	EndGlobalSection
	GlobalSection(ProjectConfigurationPlatforms) = postSolution
		{E265BBB7-2B0A-4E42-9981-FC577172398F}.Debug|Any CPU.ActiveCfg = Debug|Any CPU
		{E265BBB7-2B0A-4E42-9981-FC577172398F}.Debug|Any CPU.Build.0 = Debug|Any CPU
		{E265BBB7-2B0A-4E42-9981-FC577172398F}.Debug|x64.ActiveCfg = Debug|Any CPU
		{E265BBB7-2B0A-4E42-9981-FC577172398F}.Debug|x64.Build.0 = Debug|Any CPU
		{E265BBB7-2B0A-4E42-9981-FC577172398F}.Debug|x86.ActiveCfg = Debug|Any CPU
		{E265BBB7-2B0A-4E42-9981-FC577172398F}.Debug|x86.Build.0 = Debug|Any CPU
		{E265BBB7-2B0A-4E42-9981-FC577172398F}.Release|Any CPU.ActiveCfg = Release|Any CPU
		{E265BBB7-2B0A-4E42-9981-FC577172398F}.Release|Any CPU.Build.0 = Release|Any CPU
		{E265BBB7-2B0A-4E42-9981-FC577172398F}.Release|x64.ActiveCfg = Release|Any CPU
		{E265BBB7-2B0A-4E42-9981-FC577172398F}.Release|x64.Build.0 = Release|Any CPU
		{E265BBB7-2B0A-4E42-9981-FC577172398F}.Release|x86.ActiveCfg = Release|Any CPU
		{E265BBB7-2B0A-4E42-9981-FC577172398F}.Release|x86.Build.0 = Release|Any CPU
		{22A4F7F2-4178-4708-BEBD-48A6CED801B1}.Debug|Any CPU.ActiveCfg = Debug|Any CPU
		{22A4F7F2-4178-4708-BEBD-48A6CED801B1}.Debug|Any CPU.Build.0 = Debug|Any CPU
		{22A4F7F2-4178-4708-BEBD-48A6CED801B1}.Debug|x64.ActiveCfg = Debug|Any CPU
		{22A4F7F2-4178-4708-BEBD-48A6CED801B1}.Debug|x64.Build.0 = Debug|Any CPU
		{22A4F7F2-4178-4708-BEBD-48A6CED801B1}.Debug|x86.ActiveCfg = Debug|Any CPU
		{22A4F7F2-4178-4708-BEBD-48A6CED801B1}.Debug|x86.Build.0 = Debug|Any CPU
		{22A4F7F2-4178-4708-BEBD-48A6CED801B1}.Release|Any CPU.ActiveCfg = Release|Any CPU
		{22A4F7F2-4178-4708-BEBD-48A6CED801B1}.Release|Any CPU.Build.0 = Release|Any CPU
		{22A4F7F2-4178-4708-BEBD-48A6CED801B1}.Release|x64.ActiveCfg = Release|Any CPU
		{22A4F7F2-4178-4708-BEBD-48A6CED801B1}.Release|x64.Build.0 = Release|Any CPU
		{22A4F7F2-4178-4708-BEBD-48A6CED801B1}.Release|x86.ActiveCfg = Release|Any CPU
		{22A4F7F2-4178-4708-BEBD-48A6CED801B1}.Release|x86.Build.0 = Release|Any CPU
		{696F4052-72D2-4BAC-9D66-171D9C13502A}.Debug|Any CPU.ActiveCfg = Debug|x86
		{696F4052-72D2-4BAC-9D66-171D9C13502A}.Debug|Any CPU.Build.0 = Debug|x86
		{696F4052-72D2-4BAC-9D66-171D9C13502A}.Debug|x64.ActiveCfg = Debug|x64
		{696F4052-72D2-4BAC-9D66-171D9C13502A}.Debug|x64.Build.0 = Debug|x64
		{696F4052-72D2-4BAC-9D66-171D9C13502A}.Debug|x86.ActiveCfg = Debug|x86
		{696F4052-72D2-4BAC-9D66-171D9C13502A}.Debug|x86.Build.0 = Debug|x86
		{696F4052-72D2-4BAC-9D66-171D9C13502A}.Release|Any CPU.ActiveCfg = Release|x86
		{696F4052-72D2-4BAC-9D66-171D9C13502A}.Release|Any CPU.Build.0 = Release|x86
		{696F4052-72D2-4BAC-9D66-171D9C13502A}.Release|x64.ActiveCfg = Release|x64
		{696F4052-72D2-4BAC-9D66-171D9C13502A}.Release|x64.Build.0 = Release|x64
		{696F4052-72D2-4BAC-9D66-171D9C13502A}.Release|x86.ActiveCfg = Release|x86
		{696F4052-72D2-4BAC-9D66-171D9C13502A}.Release|x86.Build.0 = Release|x86
		{8C14FD8F-8F77-4C2D-998A-3B7C2E34BEE0}.Debug|Any CPU.ActiveCfg = Debug|x86
		{8C14FD8F-8F77-4C2D-998A-3B7C2E34BEE0}.Debug|Any CPU.Build.0 = Debug|x86
		{8C14FD8F-8F77-4C2D-998A-3B7C2E34BEE0}.Debug|x64.ActiveCfg = Debug|x64
		{8C14FD8F-8F77-4C2D-998A-3B7C2E34BEE0}.Debug|x64.Build.0 = Debug|x64
		{8C14FD8F-8F77-4C2D-998A-3B7C2E34BEE0}.Debug|x86.ActiveCfg = Debug|x86
		{8C14FD8F-8F77-4C2D-998A-3B7C2E34BEE0}.Debug|x86.Build.0 = Debug|x86
		{8C14FD8F-8F77-4C2D-998A-3B7C2E34BEE0}.Release|Any CPU.ActiveCfg = Release|x86
		{8C14FD8F-8F77-4C2D-998A-3B7C2E34BEE0}.Release|Any CPU.Build.0 = Release|x86
		{8C14FD8F-8F77-4C2D-998A-3B7C2E34BEE0}.Release|x64.ActiveCfg = Release|x64
		{8C14FD8F-8F77-4C2D-998A-3B7C2E34BEE0}.Release|x64.Build.0 = Release|x64
		{8C14FD8F-8F77-4C2D-998A-3B7C2E34BEE0}.Release|x86.ActiveCfg = Release|x86
		{8C14FD8F-8F77-4C2D-998A-3B7C2E34BEE0}.Release|x86.Build.0 = Release|x86
	EndGlobalSection
	GlobalSection(SolutionProperties) = preSolution
		HideSolutionNode = FALSE
	EndGlobalSection
EndGlobal
