
Microsoft Visual Studio Solution File, Format Version 12.00
# Visual Studio 14
VisualStudioVersion = 14.0.25420.1
MinimumVisualStudioVersion = 10.0.40219.1
Project("{FAE04EC0-301F-11D3-BF4B-00C04F79EFBC}") = "AdminSite", "AdminSite\AdminSite.csproj", "{73451560-EDC6-4B91-98B0-4C226586E82E}"
EndProject
Project("{FAE04EC0-301F-11D3-BF4B-00C04F79EFBC}") = "BillingSite", "BillingSite\BillingSite.csproj", "{F5D36B2E-9977-4A2B-A9EB-4D0038D18061}"
EndProject
Project("{FAE04EC0-301F-11D3-BF4B-00C04F79EFBC}") = "OnlineLicensing.Api", "OnlineLicensing.Api\OnlineLicensing.Api.csproj", "{6FBE6F92-E82B-4D6F-B805-6465D92F63F3}"
EndProject
Global
	GlobalSection(SolutionConfigurationPlatforms) = preSolution
		Debug|Any CPU = Debug|Any CPU
		Release|Any CPU = Release|Any CPU
	EndGlobalSection
	GlobalSection(ProjectConfigurationPlatforms) = postSolution
		{73451560-EDC6-4B91-98B0-4C226586E82E}.Debug|Any CPU.ActiveCfg = Debug|Any CPU
		{73451560-EDC6-4B91-98B0-4C226586E82E}.Debug|Any CPU.Build.0 = Debug|Any CPU
		{73451560-EDC6-4B91-98B0-4C226586E82E}.Release|Any CPU.ActiveCfg = Release|Any CPU
		{73451560-EDC6-4B91-98B0-4C226586E82E}.Release|Any CPU.Build.0 = Release|Any CPU
		{F5D36B2E-9977-4A2B-A9EB-4D0038D18061}.Debug|Any CPU.ActiveCfg = Debug|Any CPU
		{F5D36B2E-9977-4A2B-A9EB-4D0038D18061}.Debug|Any CPU.Build.0 = Debug|Any CPU
		{F5D36B2E-9977-4A2B-A9EB-4D0038D18061}.Release|Any CPU.ActiveCfg = Release|Any CPU
		{F5D36B2E-9977-4A2B-A9EB-4D0038D18061}.Release|Any CPU.Build.0 = Release|Any CPU
		{6FBE6F92-E82B-4D6F-B805-6465D92F63F3}.Debug|Any CPU.ActiveCfg = Debug|Any CPU
		{6FBE6F92-E82B-4D6F-B805-6465D92F63F3}.Debug|Any CPU.Build.0 = Debug|Any CPU
		{6FBE6F92-E82B-4D6F-B805-6465D92F63F3}.Release|Any CPU.ActiveCfg = Release|Any CPU
		{6FBE6F92-E82B-4D6F-B805-6465D92F63F3}.Release|Any CPU.Build.0 = Release|Any CPU
	EndGlobalSection
	GlobalSection(SolutionProperties) = preSolution
		HideSolutionNode = FALSE
	EndGlobalSection
EndGlobal
