
Microsoft Visual Studio Solution File, Format Version 12.00
# Visual Studio 14
VisualStudioVersion = 14.0.25420.1
MinimumVisualStudioVersion = 10.0.40219.1
Project("{FAE04EC0-301F-11D3-BF4B-00C04F79EFBC}") = "AdminSite", "AdminSite\AdminSite.csproj", "{73451560-EDC6-4B91-98B0-4C226586E82E}"
EndProject
Project("{FAE04EC0-301F-11D3-BF4B-00C04F79EFBC}") = "BillingSite", "BillingSite\BillingSite.csproj", "{F5D36B2E-9977-4A2B-A9EB-4D0038D18061}"
EndProject
Project("{FAE04EC0-301F-11D3-BF4B-00C04F79EFBC}") = "OnlineLicensing.Api", "OnlineLicensing.Api\OnlineLicensing.Api.csproj", "{6FBE6F92-E82B-4D6F-B805-6465D92F63F3}"
EndProject
Project("{E24C65DC-7377-472B-9ABA-BC803B73C61A}") = "LicenseTest", "..\..\..\..\Documents\Visual Studio 2015\WebSites\LicenseTest\", "{49C4D2BB-DFEC-4DAA-9340-81BC747D3E20}"
	ProjectSection(WebsiteProperties) = preProject
		TargetFrameworkMoniker = ".NETFramework,Version%3Dv4.5.2"
		ProjectReferences = "{6fbe6f92-e82b-4d6f-b805-6465d92f63f3}|OnlineLicensing.Api.dll;"
		Debug.AspNetCompiler.VirtualPath = "/localhost_63850"
		Debug.AspNetCompiler.PhysicalPath = "..\..\..\..\Documents\Visual Studio 2015\WebSites\LicenseTest\"
		Debug.AspNetCompiler.TargetPath = "PrecompiledWeb\localhost_63850\"
		Debug.AspNetCompiler.Updateable = "true"
		Debug.AspNetCompiler.ForceOverwrite = "true"
		Debug.AspNetCompiler.FixedNames = "false"
		Debug.AspNetCompiler.Debug = "True"
		Release.AspNetCompiler.VirtualPath = "/localhost_63850"
		Release.AspNetCompiler.PhysicalPath = "..\..\..\..\Documents\Visual Studio 2015\WebSites\LicenseTest\"
		Release.AspNetCompiler.TargetPath = "PrecompiledWeb\localhost_63850\"
		Release.AspNetCompiler.Updateable = "true"
		Release.AspNetCompiler.ForceOverwrite = "true"
		Release.AspNetCompiler.FixedNames = "false"
		Release.AspNetCompiler.Debug = "False"
		VWDPort = "63850"
		SlnRelativePath = "..\..\..\..\Documents\Visual Studio 2015\WebSites\LicenseTest\"
		DefaultWebSiteLanguage = "Visual C#"
	EndProjectSection
EndProject
Global
	GlobalSection(SolutionConfigurationPlatforms) = preSolution
		Debug|Any CPU = Debug|Any CPU
		Release|Any CPU = Release|Any CPU
	EndGlobalSection
	GlobalSection(ProjectConfigurationPlatforms) = postSolution
		{73451560-EDC6-4B91-98B0-4C226586E82E}.Debug|Any CPU.ActiveCfg = Debug|Any CPU
		{73451560-EDC6-4B91-98B0-4C226586E82E}.Debug|Any CPU.Build.0 = Debug|Any CPU
		{73451560-EDC6-4B91-98B0-4C226586E82E}.Release|Any CPU.ActiveCfg = Release|Any CPU
		{73451560-EDC6-4B91-98B0-4C226586E82E}.Release|Any CPU.Build.0 = Release|Any CPU
		{F5D36B2E-9977-4A2B-A9EB-4D0038D18061}.Debug|Any CPU.ActiveCfg = Debug|Any CPU
		{F5D36B2E-9977-4A2B-A9EB-4D0038D18061}.Debug|Any CPU.Build.0 = Debug|Any CPU
		{F5D36B2E-9977-4A2B-A9EB-4D0038D18061}.Release|Any CPU.ActiveCfg = Release|Any CPU
		{F5D36B2E-9977-4A2B-A9EB-4D0038D18061}.Release|Any CPU.Build.0 = Release|Any CPU
		{6FBE6F92-E82B-4D6F-B805-6465D92F63F3}.Debug|Any CPU.ActiveCfg = Debug|Any CPU
		{6FBE6F92-E82B-4D6F-B805-6465D92F63F3}.Debug|Any CPU.Build.0 = Debug|Any CPU
		{6FBE6F92-E82B-4D6F-B805-6465D92F63F3}.Release|Any CPU.ActiveCfg = Release|Any CPU
		{6FBE6F92-E82B-4D6F-B805-6465D92F63F3}.Release|Any CPU.Build.0 = Release|Any CPU
		{49C4D2BB-DFEC-4DAA-9340-81BC747D3E20}.Debug|Any CPU.ActiveCfg = Debug|Any CPU
		{49C4D2BB-DFEC-4DAA-9340-81BC747D3E20}.Debug|Any CPU.Build.0 = Debug|Any CPU
		{49C4D2BB-DFEC-4DAA-9340-81BC747D3E20}.Release|Any CPU.ActiveCfg = Debug|Any CPU
		{49C4D2BB-DFEC-4DAA-9340-81BC747D3E20}.Release|Any CPU.Build.0 = Debug|Any CPU
	EndGlobalSection
	GlobalSection(SolutionProperties) = preSolution
		HideSolutionNode = FALSE
	EndGlobalSection
EndGlobal
