
Microsoft Visual Studio Solution File, Format Version 12.00
# Visual Studio 14
VisualStudioVersion = 14.0.25420.1
MinimumVisualStudioVersion = 10.0.40219.1
Project("{2150E333-8FDC-42A3-9474-1A3956D46DE8}") = ".nuget", ".nuget", "{7EC3F398-E609-48C4-BC69-149432BA8E7C}"
	ProjectSection(SolutionItems) = preProject
		.nuget\NuGet.Config = .nuget\NuGet.Config
		.nuget\NuGet.exe = .nuget\NuGet.exe
		.nuget\NuGet.targets = .nuget\NuGet.targets
	EndProjectSection
EndProject
Project("{2150E333-8FDC-42A3-9474-1A3956D46DE8}") = "Solution Items", "Solution Items", "{07F5419B-D4F0-4EB0-A4B1-E4D96E248B2B}"
	ProjectSection(SolutionItems) = preProject
		Template\PortfolioEngine.wsp = Template\PortfolioEngine.wsp
		Template\WorkEngineForms.wsp = Template\WorkEngineForms.wsp
	EndProjectSection
EndProject
Project("{FAE04EC0-301F-11D3-BF4B-00C04F79EFBC}") = "EPK_QueueMgr", "EPK_QueueMgr\EPK_QueueMgr\EPK_QueueMgr.csproj", "{28A384F1-0CC8-4DF0-BF25-8D82E0C423A7}"
	ProjectSection(ProjectDependencies) = postProject
		{BB86B09C-CB35-4888-8639-C047A40A9C0C} = {BB86B09C-CB35-4888-8639-C047A40A9C0C}
	EndProjectSection
EndProject
Project("{FAE04EC0-301F-11D3-BF4B-00C04F79EFBC}") = "EPMLiveDashboards", "EPMLiveDashboards\EPMLiveDashboards\EPMLiveDashboards.csproj", "{BD45273D-42C6-4691-BED6-52279D8E489C}"
	ProjectSection(ProjectDependencies) = postProject
		{C773AE44-F066-446A-9CBD-D24AFA794E34} = {C773AE44-F066-446A-9CBD-D24AFA794E34}
	EndProjectSection
EndProject
Project("{FAE04EC0-301F-11D3-BF4B-00C04F79EFBC}") = "EPMLiveIntegration", "EPMLiveIntegration\EPMLiveIntegration\EPMLiveIntegration.csproj", "{4C63F23F-463C-409B-89AD-ADC2E138B8E3}"
EndProject
Project("{FAE04EC0-301F-11D3-BF4B-00C04F79EFBC}") = "EPMLiveIntegrationService", "EPMLiveIntegrationService\EPMLiveIntegrationService\EPMLiveIntegrationService.csproj", "{E7043F73-7633-4476-B33D-222EC3AC1C8B}"
	ProjectSection(ProjectDependencies) = postProject
		{C773AE44-F066-446A-9CBD-D24AFA794E34} = {C773AE44-F066-446A-9CBD-D24AFA794E34}
	EndProjectSection
EndProject
Project("{FAE04EC0-301F-11D3-BF4B-00C04F79EFBC}") = "EPMLivePS", "EPMLivePS\EPMLivePS\EPMLivePS.csproj", "{1121D2FF-7EAA-4532-A1CE-473DE551DD70}"
	ProjectSection(ProjectDependencies) = postProject
		{C773AE44-F066-446A-9CBD-D24AFA794E34} = {C773AE44-F066-446A-9CBD-D24AFA794E34}
	EndProjectSection
EndProject
Project("{FAE04EC0-301F-11D3-BF4B-00C04F79EFBC}") = "EPMLiveReporting", "EPMLiveReporting\EPMLiveReporting\EPMLiveReporting.csproj", "{B56160FE-490C-462A-BC9A-FEFFD2F1487C}"
	ProjectSection(ProjectDependencies) = postProject
		{C773AE44-F066-446A-9CBD-D24AFA794E34} = {C773AE44-F066-446A-9CBD-D24AFA794E34}
	EndProjectSection
EndProject
Project("{FAE04EC0-301F-11D3-BF4B-00C04F79EFBC}") = "EPMLiveSynch", "EPMLiveSynch\EPMLiveSynch\EPMLiveSynch.csproj", "{63795CDC-7D29-4620-94E1-60262FB6133B}"
	ProjectSection(ProjectDependencies) = postProject
		{C773AE44-F066-446A-9CBD-D24AFA794E34} = {C773AE44-F066-446A-9CBD-D24AFA794E34}
	EndProjectSection
EndProject
Project("{FAE04EC0-301F-11D3-BF4B-00C04F79EFBC}") = "EPMLiveTimerService", "EPMLiveTimerService\EPMLiveTimerService\EPMLiveTimerService.csproj", "{6C2BE0DE-AF49-4F4D-BAB8-AE256F1CBDD7}"
	ProjectSection(ProjectDependencies) = postProject
		{C773AE44-F066-446A-9CBD-D24AFA794E34} = {C773AE44-F066-446A-9CBD-D24AFA794E34}
	EndProjectSection
EndProject
Project("{FAE04EC0-301F-11D3-BF4B-00C04F79EFBC}") = "TimerServiceTester", "EPMLiveTimerService\TimerServiceTester\TimerServiceTester.csproj", "{06FE2C24-2A9D-4F72-B0B8-78B978E1ACBA}"
EndProject
Project("{FAE04EC0-301F-11D3-BF4B-00C04F79EFBC}") = "EPMLiveTimesheets", "EPMLiveTimesheets\EPMLiveTimesheets\EPMLiveTimesheets.csproj", "{FD812BF8-05A3-4D77-B9BC-6AD4991B8049}"
	ProjectSection(ProjectDependencies) = postProject
		{C773AE44-F066-446A-9CBD-D24AFA794E34} = {C773AE44-F066-446A-9CBD-D24AFA794E34}
		{A7F83FD4-BE8B-49AB-BE24-39209E8FABC2} = {A7F83FD4-BE8B-49AB-BE24-39209E8FABC2}
		{B56160FE-490C-462A-BC9A-FEFFD2F1487C} = {B56160FE-490C-462A-BC9A-FEFFD2F1487C}
	EndProjectSection
EndProject
Project("{FAE04EC0-301F-11D3-BF4B-00C04F79EFBC}") = "EPMLiveWebParts", "EPMLiveWebParts\EPMLiveWebParts\EPMLiveWebParts.csproj", "{A7F83FD4-BE8B-49AB-BE24-39209E8FABC2}"
	ProjectSection(ProjectDependencies) = postProject
		{51CAF42A-31AF-4B74-853F-24B672C185C2} = {51CAF42A-31AF-4B74-853F-24B672C185C2}
		{4C63F23F-463C-409B-89AD-ADC2E138B8E3} = {4C63F23F-463C-409B-89AD-ADC2E138B8E3}
		{C773AE44-F066-446A-9CBD-D24AFA794E34} = {C773AE44-F066-446A-9CBD-D24AFA794E34}
		{BB86B09C-CB35-4888-8639-C047A40A9C0C} = {BB86B09C-CB35-4888-8639-C047A40A9C0C}
	EndProjectSection
EndProject
Project("{FAE04EC0-301F-11D3-BF4B-00C04F79EFBC}") = "EPMLiveWorkPlanner", "EPMLiveWorkPlanner\EPMLiveWorkPlanner\EPMLiveWorkPlanner.csproj", "{FCF0C151-0A3F-4B9F-9327-3BBBF109D776}"
	ProjectSection(ProjectDependencies) = postProject
		{C773AE44-F066-446A-9CBD-D24AFA794E34} = {C773AE44-F066-446A-9CBD-D24AFA794E34}
	EndProjectSection
EndProject
Project("{FAE04EC0-301F-11D3-BF4B-00C04F79EFBC}") = "PortfolioEngineCore", "PortfolioEngineCore\PortfolioEngineCore\PortfolioEngineCore.csproj", "{BB86B09C-CB35-4888-8639-C047A40A9C0C}"
EndProject
Project("{FAE04EC0-301F-11D3-BF4B-00C04F79EFBC}") = "WorkEnginePPM", "PortfolioEngineCore\WorkEnginePPM\WorkEnginePPM.csproj", "{51CAF42A-31AF-4B74-853F-24B672C185C2}"
	ProjectSection(ProjectDependencies) = postProject
		{C773AE44-F066-446A-9CBD-D24AFA794E34} = {C773AE44-F066-446A-9CBD-D24AFA794E34}
		{BB86B09C-CB35-4888-8639-C047A40A9C0C} = {BB86B09C-CB35-4888-8639-C047A40A9C0C}
		{B56160FE-490C-462A-BC9A-FEFFD2F1487C} = {B56160FE-490C-462A-BC9A-FEFFD2F1487C}
	EndProjectSection
EndProject
Project("{FAE04EC0-301F-11D3-BF4B-00C04F79EFBC}") = "UplandIntegrations", "UplandIntegrations\UplandIntegrations\UplandIntegrations.csproj", "{DF0FEF98-25C9-40DD-9893-FF7BED79AC4B}"
	ProjectSection(ProjectDependencies) = postProject
		{4C63F23F-463C-409B-89AD-ADC2E138B8E3} = {4C63F23F-463C-409B-89AD-ADC2E138B8E3}
	EndProjectSection
EndProject
Project("{FAE04EC0-301F-11D3-BF4B-00C04F79EFBC}") = "EPMLiveCore", "EPMLiveCore\EPMLiveCore\EPMLiveCore.csproj", "{C773AE44-F066-446A-9CBD-D24AFA794E34}"
	ProjectSection(ProjectDependencies) = postProject
		{4C63F23F-463C-409B-89AD-ADC2E138B8E3} = {4C63F23F-463C-409B-89AD-ADC2E138B8E3}
	EndProjectSection
EndProject
Project("{FAE04EC0-301F-11D3-BF4B-00C04F79EFBC}") = "EPMLiveTests", "EPMLiveTests\EPMLiveTests.csproj", "{D2101EA6-CEF5-4502-92CD-852D635B263C}"
EndProject
Project("{2150E333-8FDC-42A3-9474-1A3956D46DE8}") = "Installer Items", "Installer Items", "{D6CE31B1-62E8-4947-9B7A-40F2DD62ECCB}"
EndProject
Project("{FAE04EC0-301F-11D3-BF4B-00C04F79EFBC}") = "UserNameChecker", "BuildTeamCity\UserNameChecker\UserNameChecker.csproj", "{53C4D722-3B56-4013-AE6B-9E11559C1BB7}"
EndProject
Project("{FAE04EC0-301F-11D3-BF4B-00C04F79EFBC}") = "EPMLiveCore.Tests", "EPMLiveCore\EPMLiveCore.Tests\EPMLiveCore.Tests.csproj", "{FEF2F33E-4E98-416A-9325-C4449C1CB0FC}"
EndProject
Project("{2150E333-8FDC-42A3-9474-1A3956D46DE8}") = "Tests", "Tests", "{3DC0042A-7620-4CFC-BEB4-379EC7F86D2B}"
	ProjectSection(SolutionItems) = preProject
		EPMLive.runsettings = EPMLive.runsettings
	EndProjectSection
EndProject
Project("{FAE04EC0-301F-11D3-BF4B-00C04F79EFBC}") = "SPEmulators", "Libraries\SPEmulators\SPEmulators.csproj", "{D0A95188-229A-4532-B71D-9B48DB8CF0FD}"
EndProject
Project("{FAE04EC0-301F-11D3-BF4B-00C04F79EFBC}") = "EPMLiveWebParts.Tests", "EPMLiveWebParts\EPMLiveWebPartsTests\EPMLiveWebParts.Tests.csproj", "{97B3FE78-4FB0-4369-BD87-30325C8B887C}"
EndProject
Project("{FAE04EC0-301F-11D3-BF4B-00C04F79EFBC}") = "EPMLiveReportingTests", "EPMLiveReporting\EPMLiveReportingTests\EPMLiveReportingTests.csproj", "{6E475641-9116-4C0B-822B-53CD1394B6E2}"
EndProject
Global
	GlobalSection(SolutionConfigurationPlatforms) = preSolution
		Debug|Any CPU = Debug|Any CPU
		Debug|x64 = Debug|x64
		Debug|x86 = Debug|x86
		Release|Any CPU = Release|Any CPU
		Release|x64 = Release|x64
		Release|x86 = Release|x86
	EndGlobalSection
	GlobalSection(ProjectConfigurationPlatforms) = postSolution
		{28A384F1-0CC8-4DF0-BF25-8D82E0C423A7}.Debug|Any CPU.ActiveCfg = Debug|Any CPU
		{28A384F1-0CC8-4DF0-BF25-8D82E0C423A7}.Debug|Any CPU.Build.0 = Debug|Any CPU
		{28A384F1-0CC8-4DF0-BF25-8D82E0C423A7}.Debug|x64.ActiveCfg = Debug|Any CPU
		{28A384F1-0CC8-4DF0-BF25-8D82E0C423A7}.Debug|x64.Build.0 = Debug|Any CPU
		{28A384F1-0CC8-4DF0-BF25-8D82E0C423A7}.Debug|x86.ActiveCfg = Debug|x86
		{28A384F1-0CC8-4DF0-BF25-8D82E0C423A7}.Debug|x86.Build.0 = Debug|x86
		{28A384F1-0CC8-4DF0-BF25-8D82E0C423A7}.Release|Any CPU.ActiveCfg = Release|Any CPU
		{28A384F1-0CC8-4DF0-BF25-8D82E0C423A7}.Release|Any CPU.Build.0 = Release|Any CPU
		{28A384F1-0CC8-4DF0-BF25-8D82E0C423A7}.Release|x64.ActiveCfg = Release|Any CPU
		{28A384F1-0CC8-4DF0-BF25-8D82E0C423A7}.Release|x64.Build.0 = Release|Any CPU
		{28A384F1-0CC8-4DF0-BF25-8D82E0C423A7}.Release|x86.ActiveCfg = Release|x86
		{28A384F1-0CC8-4DF0-BF25-8D82E0C423A7}.Release|x86.Build.0 = Release|x86
		{BD45273D-42C6-4691-BED6-52279D8E489C}.Debug|Any CPU.ActiveCfg = Debug|Any CPU
		{BD45273D-42C6-4691-BED6-52279D8E489C}.Debug|Any CPU.Build.0 = Debug|Any CPU
		{BD45273D-42C6-4691-BED6-52279D8E489C}.Debug|Any CPU.Deploy.0 = Debug|Any CPU
		{BD45273D-42C6-4691-BED6-52279D8E489C}.Debug|x64.ActiveCfg = Debug|Any CPU
		{BD45273D-42C6-4691-BED6-52279D8E489C}.Debug|x64.Build.0 = Debug|Any CPU
		{BD45273D-42C6-4691-BED6-52279D8E489C}.Debug|x64.Deploy.0 = Debug|Any CPU
		{BD45273D-42C6-4691-BED6-52279D8E489C}.Debug|x86.ActiveCfg = Debug|Any CPU
		{BD45273D-42C6-4691-BED6-52279D8E489C}.Debug|x86.Build.0 = Debug|Any CPU
		{BD45273D-42C6-4691-BED6-52279D8E489C}.Debug|x86.Deploy.0 = Debug|Any CPU
		{BD45273D-42C6-4691-BED6-52279D8E489C}.Release|Any CPU.ActiveCfg = Release|Any CPU
		{BD45273D-42C6-4691-BED6-52279D8E489C}.Release|Any CPU.Build.0 = Release|Any CPU
		{BD45273D-42C6-4691-BED6-52279D8E489C}.Release|Any CPU.Deploy.0 = Release|Any CPU
		{BD45273D-42C6-4691-BED6-52279D8E489C}.Release|x64.ActiveCfg = Release|Any CPU
		{BD45273D-42C6-4691-BED6-52279D8E489C}.Release|x64.Build.0 = Release|Any CPU
		{BD45273D-42C6-4691-BED6-52279D8E489C}.Release|x64.Deploy.0 = Release|Any CPU
		{BD45273D-42C6-4691-BED6-52279D8E489C}.Release|x86.ActiveCfg = Release|Any CPU
		{BD45273D-42C6-4691-BED6-52279D8E489C}.Release|x86.Build.0 = Release|Any CPU
		{BD45273D-42C6-4691-BED6-52279D8E489C}.Release|x86.Deploy.0 = Release|Any CPU
		{4C63F23F-463C-409B-89AD-ADC2E138B8E3}.Debug|Any CPU.ActiveCfg = Debug|Any CPU
		{4C63F23F-463C-409B-89AD-ADC2E138B8E3}.Debug|Any CPU.Build.0 = Debug|Any CPU
		{4C63F23F-463C-409B-89AD-ADC2E138B8E3}.Debug|x64.ActiveCfg = Debug|Any CPU
		{4C63F23F-463C-409B-89AD-ADC2E138B8E3}.Debug|x64.Build.0 = Debug|Any CPU
		{4C63F23F-463C-409B-89AD-ADC2E138B8E3}.Debug|x86.ActiveCfg = Debug|Any CPU
		{4C63F23F-463C-409B-89AD-ADC2E138B8E3}.Debug|x86.Build.0 = Debug|Any CPU
		{4C63F23F-463C-409B-89AD-ADC2E138B8E3}.Release|Any CPU.ActiveCfg = Release|Any CPU
		{4C63F23F-463C-409B-89AD-ADC2E138B8E3}.Release|Any CPU.Build.0 = Release|Any CPU
		{4C63F23F-463C-409B-89AD-ADC2E138B8E3}.Release|x64.ActiveCfg = Release|Any CPU
		{4C63F23F-463C-409B-89AD-ADC2E138B8E3}.Release|x64.Build.0 = Release|Any CPU
		{4C63F23F-463C-409B-89AD-ADC2E138B8E3}.Release|x86.ActiveCfg = Release|Any CPU
		{4C63F23F-463C-409B-89AD-ADC2E138B8E3}.Release|x86.Build.0 = Release|Any CPU
		{E7043F73-7633-4476-B33D-222EC3AC1C8B}.Debug|Any CPU.ActiveCfg = Debug|Any CPU
		{E7043F73-7633-4476-B33D-222EC3AC1C8B}.Debug|Any CPU.Build.0 = Debug|Any CPU
		{E7043F73-7633-4476-B33D-222EC3AC1C8B}.Debug|x64.ActiveCfg = Debug|x64
		{E7043F73-7633-4476-B33D-222EC3AC1C8B}.Debug|x64.Build.0 = Debug|x64
		{E7043F73-7633-4476-B33D-222EC3AC1C8B}.Debug|x86.ActiveCfg = Debug|Any CPU
		{E7043F73-7633-4476-B33D-222EC3AC1C8B}.Debug|x86.Build.0 = Debug|Any CPU
		{E7043F73-7633-4476-B33D-222EC3AC1C8B}.Release|Any CPU.ActiveCfg = Release|Any CPU
		{E7043F73-7633-4476-B33D-222EC3AC1C8B}.Release|Any CPU.Build.0 = Release|Any CPU
		{E7043F73-7633-4476-B33D-222EC3AC1C8B}.Release|x64.ActiveCfg = Release|x64
		{E7043F73-7633-4476-B33D-222EC3AC1C8B}.Release|x64.Build.0 = Release|x64
		{E7043F73-7633-4476-B33D-222EC3AC1C8B}.Release|x86.ActiveCfg = Release|Any CPU
		{E7043F73-7633-4476-B33D-222EC3AC1C8B}.Release|x86.Build.0 = Release|Any CPU
		{1121D2FF-7EAA-4532-A1CE-473DE551DD70}.Debug|Any CPU.ActiveCfg = Debug|Any CPU
		{1121D2FF-7EAA-4532-A1CE-473DE551DD70}.Debug|Any CPU.Build.0 = Debug|Any CPU
		{1121D2FF-7EAA-4532-A1CE-473DE551DD70}.Debug|Any CPU.Deploy.0 = Debug|Any CPU
		{1121D2FF-7EAA-4532-A1CE-473DE551DD70}.Debug|x64.ActiveCfg = Debug|Any CPU
		{1121D2FF-7EAA-4532-A1CE-473DE551DD70}.Debug|x64.Build.0 = Debug|Any CPU
		{1121D2FF-7EAA-4532-A1CE-473DE551DD70}.Debug|x64.Deploy.0 = Debug|Any CPU
		{1121D2FF-7EAA-4532-A1CE-473DE551DD70}.Debug|x86.ActiveCfg = Debug|Any CPU
		{1121D2FF-7EAA-4532-A1CE-473DE551DD70}.Debug|x86.Build.0 = Debug|Any CPU
		{1121D2FF-7EAA-4532-A1CE-473DE551DD70}.Debug|x86.Deploy.0 = Debug|Any CPU
		{1121D2FF-7EAA-4532-A1CE-473DE551DD70}.Release|Any CPU.ActiveCfg = Release|Any CPU
		{1121D2FF-7EAA-4532-A1CE-473DE551DD70}.Release|Any CPU.Build.0 = Release|Any CPU
		{1121D2FF-7EAA-4532-A1CE-473DE551DD70}.Release|Any CPU.Deploy.0 = Release|Any CPU
		{1121D2FF-7EAA-4532-A1CE-473DE551DD70}.Release|x64.ActiveCfg = Release|Any CPU
		{1121D2FF-7EAA-4532-A1CE-473DE551DD70}.Release|x64.Build.0 = Release|Any CPU
		{1121D2FF-7EAA-4532-A1CE-473DE551DD70}.Release|x64.Deploy.0 = Release|Any CPU
		{1121D2FF-7EAA-4532-A1CE-473DE551DD70}.Release|x86.ActiveCfg = Release|Any CPU
		{1121D2FF-7EAA-4532-A1CE-473DE551DD70}.Release|x86.Build.0 = Release|Any CPU
		{1121D2FF-7EAA-4532-A1CE-473DE551DD70}.Release|x86.Deploy.0 = Release|Any CPU
		{B56160FE-490C-462A-BC9A-FEFFD2F1487C}.Debug|Any CPU.ActiveCfg = Debug|Any CPU
		{B56160FE-490C-462A-BC9A-FEFFD2F1487C}.Debug|Any CPU.Build.0 = Debug|Any CPU
		{B56160FE-490C-462A-BC9A-FEFFD2F1487C}.Debug|Any CPU.Deploy.0 = Debug|Any CPU
		{B56160FE-490C-462A-BC9A-FEFFD2F1487C}.Debug|x64.ActiveCfg = Debug|Any CPU
		{B56160FE-490C-462A-BC9A-FEFFD2F1487C}.Debug|x64.Build.0 = Debug|Any CPU
		{B56160FE-490C-462A-BC9A-FEFFD2F1487C}.Debug|x64.Deploy.0 = Debug|Any CPU
		{B56160FE-490C-462A-BC9A-FEFFD2F1487C}.Debug|x86.ActiveCfg = Debug|Any CPU
		{B56160FE-490C-462A-BC9A-FEFFD2F1487C}.Debug|x86.Build.0 = Debug|Any CPU
		{B56160FE-490C-462A-BC9A-FEFFD2F1487C}.Debug|x86.Deploy.0 = Debug|Any CPU
		{B56160FE-490C-462A-BC9A-FEFFD2F1487C}.Release|Any CPU.ActiveCfg = Release|Any CPU
		{B56160FE-490C-462A-BC9A-FEFFD2F1487C}.Release|Any CPU.Build.0 = Release|Any CPU
		{B56160FE-490C-462A-BC9A-FEFFD2F1487C}.Release|Any CPU.Deploy.0 = Release|Any CPU
		{B56160FE-490C-462A-BC9A-FEFFD2F1487C}.Release|x64.ActiveCfg = Release|Any CPU
		{B56160FE-490C-462A-BC9A-FEFFD2F1487C}.Release|x64.Build.0 = Release|Any CPU
		{B56160FE-490C-462A-BC9A-FEFFD2F1487C}.Release|x64.Deploy.0 = Release|Any CPU
		{B56160FE-490C-462A-BC9A-FEFFD2F1487C}.Release|x86.ActiveCfg = Release|Any CPU
		{B56160FE-490C-462A-BC9A-FEFFD2F1487C}.Release|x86.Build.0 = Release|Any CPU
		{B56160FE-490C-462A-BC9A-FEFFD2F1487C}.Release|x86.Deploy.0 = Release|Any CPU
		{63795CDC-7D29-4620-94E1-60262FB6133B}.Debug|Any CPU.ActiveCfg = Debug|Any CPU
		{63795CDC-7D29-4620-94E1-60262FB6133B}.Debug|Any CPU.Build.0 = Debug|Any CPU
		{63795CDC-7D29-4620-94E1-60262FB6133B}.Debug|Any CPU.Deploy.0 = Debug|Any CPU
		{63795CDC-7D29-4620-94E1-60262FB6133B}.Debug|x64.ActiveCfg = Debug|Any CPU
		{63795CDC-7D29-4620-94E1-60262FB6133B}.Debug|x64.Build.0 = Debug|Any CPU
		{63795CDC-7D29-4620-94E1-60262FB6133B}.Debug|x64.Deploy.0 = Debug|Any CPU
		{63795CDC-7D29-4620-94E1-60262FB6133B}.Debug|x86.ActiveCfg = Debug|Any CPU
		{63795CDC-7D29-4620-94E1-60262FB6133B}.Debug|x86.Build.0 = Debug|Any CPU
		{63795CDC-7D29-4620-94E1-60262FB6133B}.Debug|x86.Deploy.0 = Debug|Any CPU
		{63795CDC-7D29-4620-94E1-60262FB6133B}.Release|Any CPU.ActiveCfg = Release|Any CPU
		{63795CDC-7D29-4620-94E1-60262FB6133B}.Release|Any CPU.Build.0 = Release|Any CPU
		{63795CDC-7D29-4620-94E1-60262FB6133B}.Release|Any CPU.Deploy.0 = Release|Any CPU
		{63795CDC-7D29-4620-94E1-60262FB6133B}.Release|x64.ActiveCfg = Release|Any CPU
		{63795CDC-7D29-4620-94E1-60262FB6133B}.Release|x64.Build.0 = Release|Any CPU
		{63795CDC-7D29-4620-94E1-60262FB6133B}.Release|x64.Deploy.0 = Release|Any CPU
		{63795CDC-7D29-4620-94E1-60262FB6133B}.Release|x86.ActiveCfg = Release|Any CPU
		{63795CDC-7D29-4620-94E1-60262FB6133B}.Release|x86.Build.0 = Release|Any CPU
		{63795CDC-7D29-4620-94E1-60262FB6133B}.Release|x86.Deploy.0 = Release|Any CPU
		{6C2BE0DE-AF49-4F4D-BAB8-AE256F1CBDD7}.Debug|Any CPU.ActiveCfg = Debug|Any CPU
		{6C2BE0DE-AF49-4F4D-BAB8-AE256F1CBDD7}.Debug|Any CPU.Build.0 = Debug|Any CPU
		{6C2BE0DE-AF49-4F4D-BAB8-AE256F1CBDD7}.Debug|x64.ActiveCfg = Debug|x64
		{6C2BE0DE-AF49-4F4D-BAB8-AE256F1CBDD7}.Debug|x64.Build.0 = Debug|x64
		{6C2BE0DE-AF49-4F4D-BAB8-AE256F1CBDD7}.Debug|x86.ActiveCfg = Debug|Any CPU
		{6C2BE0DE-AF49-4F4D-BAB8-AE256F1CBDD7}.Debug|x86.Build.0 = Debug|Any CPU
		{6C2BE0DE-AF49-4F4D-BAB8-AE256F1CBDD7}.Release|Any CPU.ActiveCfg = Release|Any CPU
		{6C2BE0DE-AF49-4F4D-BAB8-AE256F1CBDD7}.Release|Any CPU.Build.0 = Release|Any CPU
		{6C2BE0DE-AF49-4F4D-BAB8-AE256F1CBDD7}.Release|x64.ActiveCfg = Release|x64
		{6C2BE0DE-AF49-4F4D-BAB8-AE256F1CBDD7}.Release|x64.Build.0 = Release|x64
		{6C2BE0DE-AF49-4F4D-BAB8-AE256F1CBDD7}.Release|x86.ActiveCfg = Release|Any CPU
		{6C2BE0DE-AF49-4F4D-BAB8-AE256F1CBDD7}.Release|x86.Build.0 = Release|Any CPU
		{06FE2C24-2A9D-4F72-B0B8-78B978E1ACBA}.Debug|Any CPU.ActiveCfg = Debug|Any CPU
		{06FE2C24-2A9D-4F72-B0B8-78B978E1ACBA}.Debug|Any CPU.Build.0 = Debug|Any CPU
		{06FE2C24-2A9D-4F72-B0B8-78B978E1ACBA}.Debug|x64.ActiveCfg = Debug|x64
		{06FE2C24-2A9D-4F72-B0B8-78B978E1ACBA}.Debug|x64.Build.0 = Debug|x64
		{06FE2C24-2A9D-4F72-B0B8-78B978E1ACBA}.Debug|x86.ActiveCfg = Debug|Any CPU
		{06FE2C24-2A9D-4F72-B0B8-78B978E1ACBA}.Debug|x86.Build.0 = Debug|Any CPU
		{06FE2C24-2A9D-4F72-B0B8-78B978E1ACBA}.Release|Any CPU.ActiveCfg = Release|Any CPU
		{06FE2C24-2A9D-4F72-B0B8-78B978E1ACBA}.Release|Any CPU.Build.0 = Release|Any CPU
		{06FE2C24-2A9D-4F72-B0B8-78B978E1ACBA}.Release|x64.ActiveCfg = Release|x64
		{06FE2C24-2A9D-4F72-B0B8-78B978E1ACBA}.Release|x64.Build.0 = Release|x64
		{06FE2C24-2A9D-4F72-B0B8-78B978E1ACBA}.Release|x86.ActiveCfg = Release|Any CPU
		{06FE2C24-2A9D-4F72-B0B8-78B978E1ACBA}.Release|x86.Build.0 = Release|Any CPU
		{FD812BF8-05A3-4D77-B9BC-6AD4991B8049}.Debug|Any CPU.ActiveCfg = Debug|Any CPU
		{FD812BF8-05A3-4D77-B9BC-6AD4991B8049}.Debug|Any CPU.Build.0 = Debug|Any CPU
		{FD812BF8-05A3-4D77-B9BC-6AD4991B8049}.Debug|Any CPU.Deploy.0 = Debug|Any CPU
		{FD812BF8-05A3-4D77-B9BC-6AD4991B8049}.Debug|x64.ActiveCfg = Debug|Any CPU
		{FD812BF8-05A3-4D77-B9BC-6AD4991B8049}.Debug|x64.Build.0 = Debug|Any CPU
		{FD812BF8-05A3-4D77-B9BC-6AD4991B8049}.Debug|x64.Deploy.0 = Debug|Any CPU
		{FD812BF8-05A3-4D77-B9BC-6AD4991B8049}.Debug|x86.ActiveCfg = Debug|Any CPU
		{FD812BF8-05A3-4D77-B9BC-6AD4991B8049}.Debug|x86.Build.0 = Debug|Any CPU
		{FD812BF8-05A3-4D77-B9BC-6AD4991B8049}.Debug|x86.Deploy.0 = Debug|Any CPU
		{FD812BF8-05A3-4D77-B9BC-6AD4991B8049}.Release|Any CPU.ActiveCfg = Release|Any CPU
		{FD812BF8-05A3-4D77-B9BC-6AD4991B8049}.Release|Any CPU.Build.0 = Release|Any CPU
		{FD812BF8-05A3-4D77-B9BC-6AD4991B8049}.Release|Any CPU.Deploy.0 = Release|Any CPU
		{FD812BF8-05A3-4D77-B9BC-6AD4991B8049}.Release|x64.ActiveCfg = Release|Any CPU
		{FD812BF8-05A3-4D77-B9BC-6AD4991B8049}.Release|x64.Build.0 = Release|Any CPU
		{FD812BF8-05A3-4D77-B9BC-6AD4991B8049}.Release|x64.Deploy.0 = Release|Any CPU
		{FD812BF8-05A3-4D77-B9BC-6AD4991B8049}.Release|x86.ActiveCfg = Release|Any CPU
		{FD812BF8-05A3-4D77-B9BC-6AD4991B8049}.Release|x86.Build.0 = Release|Any CPU
		{FD812BF8-05A3-4D77-B9BC-6AD4991B8049}.Release|x86.Deploy.0 = Release|Any CPU
		{A7F83FD4-BE8B-49AB-BE24-39209E8FABC2}.Debug|Any CPU.ActiveCfg = Debug|Any CPU
		{A7F83FD4-BE8B-49AB-BE24-39209E8FABC2}.Debug|Any CPU.Build.0 = Debug|Any CPU
		{A7F83FD4-BE8B-49AB-BE24-39209E8FABC2}.Debug|Any CPU.Deploy.0 = Debug|Any CPU
		{A7F83FD4-BE8B-49AB-BE24-39209E8FABC2}.Debug|x64.ActiveCfg = Debug|Any CPU
		{A7F83FD4-BE8B-49AB-BE24-39209E8FABC2}.Debug|x64.Build.0 = Debug|Any CPU
		{A7F83FD4-BE8B-49AB-BE24-39209E8FABC2}.Debug|x64.Deploy.0 = Debug|Any CPU
		{A7F83FD4-BE8B-49AB-BE24-39209E8FABC2}.Debug|x86.ActiveCfg = Debug|Any CPU
		{A7F83FD4-BE8B-49AB-BE24-39209E8FABC2}.Debug|x86.Build.0 = Debug|Any CPU
		{A7F83FD4-BE8B-49AB-BE24-39209E8FABC2}.Debug|x86.Deploy.0 = Debug|Any CPU
		{A7F83FD4-BE8B-49AB-BE24-39209E8FABC2}.Release|Any CPU.ActiveCfg = Release|Any CPU
		{A7F83FD4-BE8B-49AB-BE24-39209E8FABC2}.Release|Any CPU.Build.0 = Release|Any CPU
		{A7F83FD4-BE8B-49AB-BE24-39209E8FABC2}.Release|Any CPU.Deploy.0 = Release|Any CPU
		{A7F83FD4-BE8B-49AB-BE24-39209E8FABC2}.Release|x64.ActiveCfg = Release|Any CPU
		{A7F83FD4-BE8B-49AB-BE24-39209E8FABC2}.Release|x64.Build.0 = Release|Any CPU
		{A7F83FD4-BE8B-49AB-BE24-39209E8FABC2}.Release|x64.Deploy.0 = Release|Any CPU
		{A7F83FD4-BE8B-49AB-BE24-39209E8FABC2}.Release|x86.ActiveCfg = Release|Any CPU
		{A7F83FD4-BE8B-49AB-BE24-39209E8FABC2}.Release|x86.Build.0 = Release|Any CPU
		{A7F83FD4-BE8B-49AB-BE24-39209E8FABC2}.Release|x86.Deploy.0 = Release|Any CPU
		{FCF0C151-0A3F-4B9F-9327-3BBBF109D776}.Debug|Any CPU.ActiveCfg = Debug|Any CPU
		{FCF0C151-0A3F-4B9F-9327-3BBBF109D776}.Debug|Any CPU.Build.0 = Debug|Any CPU
		{FCF0C151-0A3F-4B9F-9327-3BBBF109D776}.Debug|Any CPU.Deploy.0 = Debug|Any CPU
		{FCF0C151-0A3F-4B9F-9327-3BBBF109D776}.Debug|x64.ActiveCfg = Debug|Any CPU
		{FCF0C151-0A3F-4B9F-9327-3BBBF109D776}.Debug|x64.Build.0 = Debug|Any CPU
		{FCF0C151-0A3F-4B9F-9327-3BBBF109D776}.Debug|x64.Deploy.0 = Debug|Any CPU
		{FCF0C151-0A3F-4B9F-9327-3BBBF109D776}.Debug|x86.ActiveCfg = Debug|Any CPU
		{FCF0C151-0A3F-4B9F-9327-3BBBF109D776}.Debug|x86.Build.0 = Debug|Any CPU
		{FCF0C151-0A3F-4B9F-9327-3BBBF109D776}.Debug|x86.Deploy.0 = Debug|Any CPU
		{FCF0C151-0A3F-4B9F-9327-3BBBF109D776}.Release|Any CPU.ActiveCfg = Release|Any CPU
		{FCF0C151-0A3F-4B9F-9327-3BBBF109D776}.Release|Any CPU.Build.0 = Release|Any CPU
		{FCF0C151-0A3F-4B9F-9327-3BBBF109D776}.Release|Any CPU.Deploy.0 = Release|Any CPU
		{FCF0C151-0A3F-4B9F-9327-3BBBF109D776}.Release|x64.ActiveCfg = Release|Any CPU
		{FCF0C151-0A3F-4B9F-9327-3BBBF109D776}.Release|x64.Build.0 = Release|Any CPU
		{FCF0C151-0A3F-4B9F-9327-3BBBF109D776}.Release|x64.Deploy.0 = Release|Any CPU
		{FCF0C151-0A3F-4B9F-9327-3BBBF109D776}.Release|x86.ActiveCfg = Release|Any CPU
		{FCF0C151-0A3F-4B9F-9327-3BBBF109D776}.Release|x86.Build.0 = Release|Any CPU
		{FCF0C151-0A3F-4B9F-9327-3BBBF109D776}.Release|x86.Deploy.0 = Release|Any CPU
		{BB86B09C-CB35-4888-8639-C047A40A9C0C}.Debug|Any CPU.ActiveCfg = Debug|Any CPU
		{BB86B09C-CB35-4888-8639-C047A40A9C0C}.Debug|Any CPU.Build.0 = Debug|Any CPU
		{BB86B09C-CB35-4888-8639-C047A40A9C0C}.Debug|x64.ActiveCfg = Debug|Any CPU
		{BB86B09C-CB35-4888-8639-C047A40A9C0C}.Debug|x64.Build.0 = Debug|Any CPU
		{BB86B09C-CB35-4888-8639-C047A40A9C0C}.Debug|x86.ActiveCfg = Debug|Any CPU
		{BB86B09C-CB35-4888-8639-C047A40A9C0C}.Debug|x86.Build.0 = Debug|Any CPU
		{BB86B09C-CB35-4888-8639-C047A40A9C0C}.Release|Any CPU.ActiveCfg = Release|Any CPU
		{BB86B09C-CB35-4888-8639-C047A40A9C0C}.Release|Any CPU.Build.0 = Release|Any CPU
		{BB86B09C-CB35-4888-8639-C047A40A9C0C}.Release|x64.ActiveCfg = Release|Any CPU
		{BB86B09C-CB35-4888-8639-C047A40A9C0C}.Release|x64.Build.0 = Release|Any CPU
		{BB86B09C-CB35-4888-8639-C047A40A9C0C}.Release|x86.ActiveCfg = Release|Any CPU
		{BB86B09C-CB35-4888-8639-C047A40A9C0C}.Release|x86.Build.0 = Release|Any CPU
		{51CAF42A-31AF-4B74-853F-24B672C185C2}.Debug|Any CPU.ActiveCfg = Debug|Any CPU
		{51CAF42A-31AF-4B74-853F-24B672C185C2}.Debug|Any CPU.Build.0 = Debug|Any CPU
		{51CAF42A-31AF-4B74-853F-24B672C185C2}.Debug|Any CPU.Deploy.0 = Debug|Any CPU
		{51CAF42A-31AF-4B74-853F-24B672C185C2}.Debug|x64.ActiveCfg = Debug|Any CPU
		{51CAF42A-31AF-4B74-853F-24B672C185C2}.Debug|x64.Build.0 = Debug|Any CPU
		{51CAF42A-31AF-4B74-853F-24B672C185C2}.Debug|x64.Deploy.0 = Debug|Any CPU
		{51CAF42A-31AF-4B74-853F-24B672C185C2}.Debug|x86.ActiveCfg = Debug|Any CPU
		{51CAF42A-31AF-4B74-853F-24B672C185C2}.Debug|x86.Build.0 = Debug|Any CPU
		{51CAF42A-31AF-4B74-853F-24B672C185C2}.Debug|x86.Deploy.0 = Debug|Any CPU
		{51CAF42A-31AF-4B74-853F-24B672C185C2}.Release|Any CPU.ActiveCfg = Release|Any CPU
		{51CAF42A-31AF-4B74-853F-24B672C185C2}.Release|Any CPU.Build.0 = Release|Any CPU
		{51CAF42A-31AF-4B74-853F-24B672C185C2}.Release|Any CPU.Deploy.0 = Release|Any CPU
		{51CAF42A-31AF-4B74-853F-24B672C185C2}.Release|x64.ActiveCfg = Release|Any CPU
		{51CAF42A-31AF-4B74-853F-24B672C185C2}.Release|x64.Build.0 = Release|Any CPU
		{51CAF42A-31AF-4B74-853F-24B672C185C2}.Release|x64.Deploy.0 = Release|Any CPU
		{51CAF42A-31AF-4B74-853F-24B672C185C2}.Release|x86.ActiveCfg = Release|Any CPU
		{51CAF42A-31AF-4B74-853F-24B672C185C2}.Release|x86.Build.0 = Release|Any CPU
		{51CAF42A-31AF-4B74-853F-24B672C185C2}.Release|x86.Deploy.0 = Release|Any CPU
		{DF0FEF98-25C9-40DD-9893-FF7BED79AC4B}.Debug|Any CPU.ActiveCfg = Debug|Any CPU
		{DF0FEF98-25C9-40DD-9893-FF7BED79AC4B}.Debug|Any CPU.Build.0 = Debug|Any CPU
		{DF0FEF98-25C9-40DD-9893-FF7BED79AC4B}.Debug|x64.ActiveCfg = Debug|Any CPU
		{DF0FEF98-25C9-40DD-9893-FF7BED79AC4B}.Debug|x64.Build.0 = Debug|Any CPU
		{DF0FEF98-25C9-40DD-9893-FF7BED79AC4B}.Debug|x86.ActiveCfg = Debug|Any CPU
		{DF0FEF98-25C9-40DD-9893-FF7BED79AC4B}.Debug|x86.Build.0 = Debug|Any CPU
		{DF0FEF98-25C9-40DD-9893-FF7BED79AC4B}.Release|Any CPU.ActiveCfg = Release|Any CPU
		{DF0FEF98-25C9-40DD-9893-FF7BED79AC4B}.Release|Any CPU.Build.0 = Release|Any CPU
		{DF0FEF98-25C9-40DD-9893-FF7BED79AC4B}.Release|x64.ActiveCfg = Release|Any CPU
		{DF0FEF98-25C9-40DD-9893-FF7BED79AC4B}.Release|x64.Build.0 = Release|Any CPU
		{DF0FEF98-25C9-40DD-9893-FF7BED79AC4B}.Release|x86.ActiveCfg = Release|Any CPU
		{DF0FEF98-25C9-40DD-9893-FF7BED79AC4B}.Release|x86.Build.0 = Release|Any CPU
		{C773AE44-F066-446A-9CBD-D24AFA794E34}.Debug|Any CPU.ActiveCfg = Debug|Any CPU
		{C773AE44-F066-446A-9CBD-D24AFA794E34}.Debug|Any CPU.Build.0 = Debug|Any CPU
		{C773AE44-F066-446A-9CBD-D24AFA794E34}.Debug|Any CPU.Deploy.0 = Debug|Any CPU
		{C773AE44-F066-446A-9CBD-D24AFA794E34}.Debug|x64.ActiveCfg = Debug|Any CPU
		{C773AE44-F066-446A-9CBD-D24AFA794E34}.Debug|x64.Build.0 = Debug|Any CPU
		{C773AE44-F066-446A-9CBD-D24AFA794E34}.Debug|x64.Deploy.0 = Debug|Any CPU
		{C773AE44-F066-446A-9CBD-D24AFA794E34}.Debug|x86.ActiveCfg = Debug|Any CPU
		{C773AE44-F066-446A-9CBD-D24AFA794E34}.Debug|x86.Build.0 = Debug|Any CPU
		{C773AE44-F066-446A-9CBD-D24AFA794E34}.Debug|x86.Deploy.0 = Debug|Any CPU
		{C773AE44-F066-446A-9CBD-D24AFA794E34}.Release|Any CPU.ActiveCfg = Release|Any CPU
		{C773AE44-F066-446A-9CBD-D24AFA794E34}.Release|Any CPU.Build.0 = Release|Any CPU
		{C773AE44-F066-446A-9CBD-D24AFA794E34}.Release|Any CPU.Deploy.0 = Release|Any CPU
		{C773AE44-F066-446A-9CBD-D24AFA794E34}.Release|x64.ActiveCfg = Release|Any CPU
		{C773AE44-F066-446A-9CBD-D24AFA794E34}.Release|x64.Build.0 = Release|Any CPU
		{C773AE44-F066-446A-9CBD-D24AFA794E34}.Release|x64.Deploy.0 = Release|Any CPU
		{C773AE44-F066-446A-9CBD-D24AFA794E34}.Release|x86.ActiveCfg = Release|Any CPU
		{C773AE44-F066-446A-9CBD-D24AFA794E34}.Release|x86.Build.0 = Release|Any CPU
		{C773AE44-F066-446A-9CBD-D24AFA794E34}.Release|x86.Deploy.0 = Release|Any CPU
		{D2101EA6-CEF5-4502-92CD-852D635B263C}.Debug|Any CPU.ActiveCfg = Debug|Any CPU
		{D2101EA6-CEF5-4502-92CD-852D635B263C}.Debug|x64.ActiveCfg = Debug|Any CPU
		{D2101EA6-CEF5-4502-92CD-852D635B263C}.Debug|x86.ActiveCfg = Debug|Any CPU
		{D2101EA6-CEF5-4502-92CD-852D635B263C}.Release|Any CPU.ActiveCfg = Release|Any CPU
		{D2101EA6-CEF5-4502-92CD-852D635B263C}.Release|x64.ActiveCfg = Release|Any CPU
		{D2101EA6-CEF5-4502-92CD-852D635B263C}.Release|x86.ActiveCfg = Release|Any CPU
		{53C4D722-3B56-4013-AE6B-9E11559C1BB7}.Debug|Any CPU.ActiveCfg = Debug|Any CPU
		{53C4D722-3B56-4013-AE6B-9E11559C1BB7}.Debug|x64.ActiveCfg = Debug|Any CPU
		{53C4D722-3B56-4013-AE6B-9E11559C1BB7}.Debug|x64.Build.0 = Debug|Any CPU
		{53C4D722-3B56-4013-AE6B-9E11559C1BB7}.Debug|x86.ActiveCfg = Debug|Any CPU
		{53C4D722-3B56-4013-AE6B-9E11559C1BB7}.Debug|x86.Build.0 = Debug|Any CPU
		{53C4D722-3B56-4013-AE6B-9E11559C1BB7}.Release|Any CPU.ActiveCfg = Release|Any CPU
		{53C4D722-3B56-4013-AE6B-9E11559C1BB7}.Release|Any CPU.Build.0 = Release|Any CPU
		{53C4D722-3B56-4013-AE6B-9E11559C1BB7}.Release|x64.ActiveCfg = Release|Any CPU
		{53C4D722-3B56-4013-AE6B-9E11559C1BB7}.Release|x64.Build.0 = Release|Any CPU
		{53C4D722-3B56-4013-AE6B-9E11559C1BB7}.Release|x86.ActiveCfg = Release|Any CPU
		{53C4D722-3B56-4013-AE6B-9E11559C1BB7}.Release|x86.Build.0 = Release|Any CPU
		{FEF2F33E-4E98-416A-9325-C4449C1CB0FC}.Debug|Any CPU.ActiveCfg = Debug|Any CPU
		{FEF2F33E-4E98-416A-9325-C4449C1CB0FC}.Debug|Any CPU.Build.0 = Debug|Any CPU
		{FEF2F33E-4E98-416A-9325-C4449C1CB0FC}.Debug|x64.ActiveCfg = Debug|Any CPU
		{FEF2F33E-4E98-416A-9325-C4449C1CB0FC}.Debug|x64.Build.0 = Debug|Any CPU
		{FEF2F33E-4E98-416A-9325-C4449C1CB0FC}.Debug|x86.ActiveCfg = Debug|Any CPU
		{FEF2F33E-4E98-416A-9325-C4449C1CB0FC}.Debug|x86.Build.0 = Debug|Any CPU
		{FEF2F33E-4E98-416A-9325-C4449C1CB0FC}.Release|Any CPU.ActiveCfg = Release|Any CPU
		{FEF2F33E-4E98-416A-9325-C4449C1CB0FC}.Release|Any CPU.Build.0 = Release|Any CPU
		{FEF2F33E-4E98-416A-9325-C4449C1CB0FC}.Release|x64.ActiveCfg = Release|Any CPU
		{FEF2F33E-4E98-416A-9325-C4449C1CB0FC}.Release|x64.Build.0 = Release|Any CPU
		{FEF2F33E-4E98-416A-9325-C4449C1CB0FC}.Release|x86.ActiveCfg = Release|Any CPU
		{FEF2F33E-4E98-416A-9325-C4449C1CB0FC}.Release|x86.Build.0 = Release|Any CPU
		{D0A95188-229A-4532-B71D-9B48DB8CF0FD}.Debug|Any CPU.ActiveCfg = Debug|Any CPU
		{D0A95188-229A-4532-B71D-9B48DB8CF0FD}.Debug|Any CPU.Build.0 = Debug|Any CPU
		{D0A95188-229A-4532-B71D-9B48DB8CF0FD}.Debug|x64.ActiveCfg = Debug|Any CPU
		{D0A95188-229A-4532-B71D-9B48DB8CF0FD}.Debug|x64.Build.0 = Debug|Any CPU
		{D0A95188-229A-4532-B71D-9B48DB8CF0FD}.Debug|x86.ActiveCfg = Debug|Any CPU
		{D0A95188-229A-4532-B71D-9B48DB8CF0FD}.Debug|x86.Build.0 = Debug|Any CPU
		{D0A95188-229A-4532-B71D-9B48DB8CF0FD}.Release|Any CPU.ActiveCfg = Release|Any CPU
		{D0A95188-229A-4532-B71D-9B48DB8CF0FD}.Release|Any CPU.Build.0 = Release|Any CPU
		{D0A95188-229A-4532-B71D-9B48DB8CF0FD}.Release|x64.ActiveCfg = Release|Any CPU
		{D0A95188-229A-4532-B71D-9B48DB8CF0FD}.Release|x64.Build.0 = Release|Any CPU
		{D0A95188-229A-4532-B71D-9B48DB8CF0FD}.Release|x86.ActiveCfg = Release|Any CPU
		{D0A95188-229A-4532-B71D-9B48DB8CF0FD}.Release|x86.Build.0 = Release|Any CPU
		{97B3FE78-4FB0-4369-BD87-30325C8B887C}.Debug|Any CPU.ActiveCfg = Debug|Any CPU
		{97B3FE78-4FB0-4369-BD87-30325C8B887C}.Debug|Any CPU.Build.0 = Debug|Any CPU
		{97B3FE78-4FB0-4369-BD87-30325C8B887C}.Debug|Any CPU.Deploy.0 = Debug|Any CPU
		{97B3FE78-4FB0-4369-BD87-30325C8B887C}.Debug|x64.ActiveCfg = Debug|Any CPU
		{97B3FE78-4FB0-4369-BD87-30325C8B887C}.Debug|x64.Build.0 = Debug|Any CPU
		{97B3FE78-4FB0-4369-BD87-30325C8B887C}.Debug|x86.ActiveCfg = Debug|Any CPU
		{97B3FE78-4FB0-4369-BD87-30325C8B887C}.Debug|x86.Build.0 = Debug|Any CPU
		{97B3FE78-4FB0-4369-BD87-30325C8B887C}.Release|Any CPU.ActiveCfg = Release|Any CPU
		{97B3FE78-4FB0-4369-BD87-30325C8B887C}.Release|Any CPU.Build.0 = Release|Any CPU
		{97B3FE78-4FB0-4369-BD87-30325C8B887C}.Release|x64.ActiveCfg = Release|Any CPU
		{97B3FE78-4FB0-4369-BD87-30325C8B887C}.Release|x64.Build.0 = Release|Any CPU
		{97B3FE78-4FB0-4369-BD87-30325C8B887C}.Release|x86.ActiveCfg = Release|Any CPU
		{97B3FE78-4FB0-4369-BD87-30325C8B887C}.Release|x86.Build.0 = Release|Any CPU
		{6E475641-9116-4C0B-822B-53CD1394B6E2}.Debug|Any CPU.ActiveCfg = Debug|Any CPU
		{6E475641-9116-4C0B-822B-53CD1394B6E2}.Debug|Any CPU.Build.0 = Debug|Any CPU
		{6E475641-9116-4C0B-822B-53CD1394B6E2}.Debug|x64.ActiveCfg = Debug|Any CPU
		{6E475641-9116-4C0B-822B-53CD1394B6E2}.Debug|x64.Build.0 = Debug|Any CPU
		{6E475641-9116-4C0B-822B-53CD1394B6E2}.Debug|x86.ActiveCfg = Debug|Any CPU
		{6E475641-9116-4C0B-822B-53CD1394B6E2}.Debug|x86.Build.0 = Debug|Any CPU
		{6E475641-9116-4C0B-822B-53CD1394B6E2}.Release|Any CPU.ActiveCfg = Release|Any CPU
		{6E475641-9116-4C0B-822B-53CD1394B6E2}.Release|Any CPU.Build.0 = Release|Any CPU
		{6E475641-9116-4C0B-822B-53CD1394B6E2}.Release|x64.ActiveCfg = Release|Any CPU
		{6E475641-9116-4C0B-822B-53CD1394B6E2}.Release|x64.Build.0 = Release|Any CPU
		{6E475641-9116-4C0B-822B-53CD1394B6E2}.Release|x86.ActiveCfg = Release|Any CPU
		{6E475641-9116-4C0B-822B-53CD1394B6E2}.Release|x86.Build.0 = Release|Any CPU
	EndGlobalSection
	GlobalSection(SolutionProperties) = preSolution
		HideSolutionNode = FALSE
	EndGlobalSection
	GlobalSection(NestedProjects) = preSolution
		{06FE2C24-2A9D-4F72-B0B8-78B978E1ACBA} = {3DC0042A-7620-4CFC-BEB4-379EC7F86D2B}
		{D2101EA6-CEF5-4502-92CD-852D635B263C} = {3DC0042A-7620-4CFC-BEB4-379EC7F86D2B}
		{53C4D722-3B56-4013-AE6B-9E11559C1BB7} = {D6CE31B1-62E8-4947-9B7A-40F2DD62ECCB}
		{FEF2F33E-4E98-416A-9325-C4449C1CB0FC} = {3DC0042A-7620-4CFC-BEB4-379EC7F86D2B}
		{D0A95188-229A-4532-B71D-9B48DB8CF0FD} = {3DC0042A-7620-4CFC-BEB4-379EC7F86D2B}
		{97B3FE78-4FB0-4369-BD87-30325C8B887C} = {3DC0042A-7620-4CFC-BEB4-379EC7F86D2B}
		{6E475641-9116-4C0B-822B-53CD1394B6E2} = {3DC0042A-7620-4CFC-BEB4-379EC7F86D2B}
	EndGlobalSection
EndGlobal
