
Microsoft Visual Studio Solution File, Format Version 12.00
# Visual Studio 2012
Project("{FAE04EC0-301F-11D3-BF4B-00C04F79EFBC}") = "EPMLiveWorkPlanner", "EPMLiveWorkPlanner\EPMLiveWorkPlanner.csproj", "{FCF0C151-0A3F-4B9F-9327-3BBBF109D776}"
EndProject
Global
	GlobalSection(TeamFoundationVersionControl) = preSolution
		SccNumberOfProjects = 2
		SccEnterpriseProvider = {4CA58AB2-18FA-4F8D-95D4-32DDF27D184C}
		SccTeamFoundationServer = https://tfs.epmlive.com/tfs/epmlive
		SccLocalPath0 = .
		SccProjectUniqueName1 = EPMLiveWorkPlanner\\EPMLiveWorkPlanner.csproj
		SccProjectName1 = EPMLiveWorkPlanner
		SccLocalPath1 = EPMLiveWorkPlanner
	EndGlobalSection
	GlobalSection(SolutionConfigurationPlatforms) = preSolution
		Debug|Any CPU = Debug|Any CPU
		Release|Any CPU = Release|Any CPU
	EndGlobalSection
	GlobalSection(ProjectConfigurationPlatforms) = postSolution
		{FCF0C151-0A3F-4B9F-9327-3BBBF109D776}.Debug|Any CPU.ActiveCfg = Debug|Any CPU
		{FCF0C151-0A3F-4B9F-9327-3BBBF109D776}.Debug|Any CPU.Build.0 = Debug|Any CPU
		{FCF0C151-0A3F-4B9F-9327-3BBBF109D776}.Debug|Any CPU.Deploy.0 = Debug|Any CPU
		{FCF0C151-0A3F-4B9F-9327-3BBBF109D776}.Release|Any CPU.ActiveCfg = Release|Any CPU
		{FCF0C151-0A3F-4B9F-9327-3BBBF109D776}.Release|Any CPU.Build.0 = Release|Any CPU
		{FCF0C151-0A3F-4B9F-9327-3BBBF109D776}.Release|Any CPU.Deploy.0 = Release|Any CPU
	EndGlobalSection
	GlobalSection(SolutionProperties) = preSolution
		HideSolutionNode = FALSE
	EndGlobalSection
EndGlobal
