
Microsoft Visual Studio Solution File, Format Version 12.00
# Visual Studio 2012
Project("{FAE04EC0-301F-11D3-BF4B-00C04F79EFBC}") = "EPMLiveCore", "EPMLiveCore\EPMLiveCore.csproj", "{C773AE44-F066-446A-9CBD-D24AFA794E34}"
EndProject
Project("{2150E333-8FDC-42A3-9474-1A3956D46DE8}") = "Diagrams", "Diagrams", "{B8A0FE5E-3214-4D05-8E5A-68A468AF700B}"
	ProjectSection(SolutionItems) = preProject
		Nurun UI Navigation.dgml = Nurun UI Navigation.dgml
	EndProjectSection
EndProject
Project("{2150E333-8FDC-42A3-9474-1A3956D46DE8}") = ".nuget", ".nuget", "{1A3FAE5F-2C0D-48E2-ADA0-FAB6DE062870}"
	ProjectSection(SolutionItems) = preProject
		.nuget\NuGet.Config = .nuget\NuGet.Config
		.nuget\NuGet.exe = .nuget\NuGet.exe
		.nuget\NuGet.targets = .nuget\NuGet.targets
	EndProjectSection
EndProject
Project("{FAE04EC0-301F-11D3-BF4B-00C04F79EFBC}") = "EPMLive.Data", "EPMLive.Data\EPMLive.Data.csproj", "{F7FAB91F-8469-4B59-9D39-0AFA86BC6A82}"
EndProject
Project("{FAE04EC0-301F-11D3-BF4B-00C04F79EFBC}") = "EPMLive.Tests", "EPMLive.Tests\EPMLive.Tests.csproj", "{B2E0C915-454E-4AA9-AA26-46DBD1F79404}"
EndProject
Global
	GlobalSection(TeamFoundationVersionControl) = preSolution
		SccNumberOfProjects = 4
		SccEnterpriseProvider = {4CA58AB2-18FA-4F8D-95D4-32DDF27D184C}
		SccTeamFoundationServer = https://tfs.epmlive.com/tfs/epmlive
		SccLocalPath0 = .
		SccProjectUniqueName1 = EPMLiveCore\\EPMLiveCore.csproj
		SccProjectName1 = EPMLiveCore
		SccLocalPath1 = EPMLiveCore
		SccProjectUniqueName2 = EPMLive.Data\\EPMLive.Data.csproj
		SccProjectName2 = EPMLive.Data
		SccLocalPath2 = EPMLive.Data
		SccProjectUniqueName3 = EPMLive.Tests\\EPMLive.Tests.csproj
		SccProjectName3 = EPMLive.Tests
		SccLocalPath3 = EPMLive.Tests
	EndGlobalSection
	GlobalSection(SolutionConfigurationPlatforms) = preSolution
		Debug|Any CPU = Debug|Any CPU
		Release|Any CPU = Release|Any CPU
	EndGlobalSection
	GlobalSection(ProjectConfigurationPlatforms) = postSolution
		{C773AE44-F066-446A-9CBD-D24AFA794E34}.Debug|Any CPU.ActiveCfg = Debug|Any CPU
		{C773AE44-F066-446A-9CBD-D24AFA794E34}.Debug|Any CPU.Build.0 = Debug|Any CPU
		{C773AE44-F066-446A-9CBD-D24AFA794E34}.Debug|Any CPU.Deploy.0 = Debug|Any CPU
		{C773AE44-F066-446A-9CBD-D24AFA794E34}.Release|Any CPU.ActiveCfg = Release|Any CPU
		{C773AE44-F066-446A-9CBD-D24AFA794E34}.Release|Any CPU.Build.0 = Release|Any CPU
		{C773AE44-F066-446A-9CBD-D24AFA794E34}.Release|Any CPU.Deploy.0 = Release|Any CPU
		{F7FAB91F-8469-4B59-9D39-0AFA86BC6A82}.Debug|Any CPU.ActiveCfg = Debug|Any CPU
		{F7FAB91F-8469-4B59-9D39-0AFA86BC6A82}.Debug|Any CPU.Build.0 = Debug|Any CPU
		{F7FAB91F-8469-4B59-9D39-0AFA86BC6A82}.Release|Any CPU.ActiveCfg = Release|Any CPU
		{F7FAB91F-8469-4B59-9D39-0AFA86BC6A82}.Release|Any CPU.Build.0 = Release|Any CPU
		{B2E0C915-454E-4AA9-AA26-46DBD1F79404}.Debug|Any CPU.ActiveCfg = Debug|Any CPU
		{B2E0C915-454E-4AA9-AA26-46DBD1F79404}.Debug|Any CPU.Build.0 = Debug|Any CPU
		{B2E0C915-454E-4AA9-AA26-46DBD1F79404}.Release|Any CPU.ActiveCfg = Release|Any CPU
		{B2E0C915-454E-4AA9-AA26-46DBD1F79404}.Release|Any CPU.Build.0 = Release|Any CPU
	EndGlobalSection
	GlobalSection(SolutionProperties) = preSolution
		HideSolutionNode = FALSE
	EndGlobalSection
EndGlobal
