
Microsoft Visual Studio Solution File, Format Version 12.00
# Visual Studio 2013
VisualStudioVersion = 12.0.30110.0
MinimumVisualStudioVersion = 10.0.40219.1
Project("{2150E333-8FDC-42A3-9474-1A3956D46DE8}") = "Diagrams", "Diagrams", "{B8A0FE5E-3214-4D05-8E5A-68A468AF700B}"
	ProjectSection(SolutionItems) = preProject
		Nurun UI Navigation.dgml = Nurun UI Navigation.dgml
	EndProjectSection
EndProject
Project("{FAE04EC0-301F-11D3-BF4B-00C04F79EFBC}") = "EPMLiveCore", "EPMLiveCore\EPMLiveCore.csproj", "{C773AE44-F066-446A-9CBD-D24AFA794E34}"
EndProject
Global
	GlobalSection(TeamFoundationVersionControl) = preSolution
		SccNumberOfProjects = 2
		SccEnterpriseProvider = {4CA58AB2-18FA-4F8D-95D4-32DDF27D184C}
		SccTeamFoundationServer = https://tfs.epmlive.com/tfs/epmlive
		SccLocalPath0 = .
		SccProjectUniqueName1 = EPMLiveCore\\EPMLiveCore.csproj
		SccProjectName1 = EPMLiveCore
		SccLocalPath1 = EPMLiveCore
	EndGlobalSection
	GlobalSection(SolutionConfigurationPlatforms) = preSolution
		Debug|Any CPU = Debug|Any CPU
		Release|Any CPU = Release|Any CPU
	EndGlobalSection
	GlobalSection(ProjectConfigurationPlatforms) = postSolution
		{C773AE44-F066-446A-9CBD-D24AFA794E34}.Debug|Any CPU.ActiveCfg = Debug|Any CPU
		{C773AE44-F066-446A-9CBD-D24AFA794E34}.Debug|Any CPU.Build.0 = Debug|Any CPU
		{C773AE44-F066-446A-9CBD-D24AFA794E34}.Debug|Any CPU.Deploy.0 = Debug|Any CPU
		{C773AE44-F066-446A-9CBD-D24AFA794E34}.Release|Any CPU.ActiveCfg = Release|Any CPU
		{C773AE44-F066-446A-9CBD-D24AFA794E34}.Release|Any CPU.Build.0 = Release|Any CPU
		{C773AE44-F066-446A-9CBD-D24AFA794E34}.Release|Any CPU.Deploy.0 = Release|Any CPU
	EndGlobalSection
	GlobalSection(SolutionProperties) = preSolution
		HideSolutionNode = FALSE
	EndGlobalSection
EndGlobal
