
Microsoft Visual Studio Solution File, Format Version 12.00
# Visual Studio 2012
Project("{FAE04EC0-301F-11D3-BF4B-00C04F79EFBC}") = "EPMLiveTimerService", "EPMLiveTimerService\EPMLiveTimerService.csproj", "{6C2BE0DE-AF49-4F4D-BAB8-AE256F1CBDD7}"
EndProject
Project("{FAE04EC0-301F-11D3-BF4B-00C04F79EFBC}") = "TimerServiceTester", "TimerServiceTester\TimerServiceTester.csproj", "{06FE2C24-2A9D-4F72-B0B8-78B978E1ACBA}"
EndProject
Global
	GlobalSection(TeamFoundationVersionControl) = preSolution
		SccNumberOfProjects = 3
		SccEnterpriseProvider = {4CA58AB2-18FA-4F8D-95D4-32DDF27D184C}
		SccTeamFoundationServer = https://tfs.epmlive.com/tfs/epmlive
		SccLocalPath0 = .
		SccProjectUniqueName1 = EPMLiveTimerService\\EPMLiveTimerService.csproj
		SccProjectName1 = EPMLiveTimerService
		SccLocalPath1 = EPMLiveTimerService
		SccProjectUniqueName2 = TimerServiceTester\\TimerServiceTester.csproj
		SccProjectName2 = TimerServiceTester
		SccLocalPath2 = TimerServiceTester
	EndGlobalSection
	GlobalSection(SolutionConfigurationPlatforms) = preSolution
		Debug|Any CPU = Debug|Any CPU
		Release|Any CPU = Release|Any CPU
	EndGlobalSection
	GlobalSection(ProjectConfigurationPlatforms) = postSolution
		{6C2BE0DE-AF49-4F4D-BAB8-AE256F1CBDD7}.Debug|Any CPU.ActiveCfg = Debug|Any CPU
		{6C2BE0DE-AF49-4F4D-BAB8-AE256F1CBDD7}.Debug|Any CPU.Build.0 = Debug|Any CPU
		{6C2BE0DE-AF49-4F4D-BAB8-AE256F1CBDD7}.Release|Any CPU.ActiveCfg = Release|Any CPU
		{6C2BE0DE-AF49-4F4D-BAB8-AE256F1CBDD7}.Release|Any CPU.Build.0 = Release|Any CPU
		{06FE2C24-2A9D-4F72-B0B8-78B978E1ACBA}.Debug|Any CPU.ActiveCfg = Debug|Any CPU
		{06FE2C24-2A9D-4F72-B0B8-78B978E1ACBA}.Debug|Any CPU.Build.0 = Debug|Any CPU
		{06FE2C24-2A9D-4F72-B0B8-78B978E1ACBA}.Release|Any CPU.ActiveCfg = Release|Any CPU
		{06FE2C24-2A9D-4F72-B0B8-78B978E1ACBA}.Release|Any CPU.Build.0 = Release|Any CPU
	EndGlobalSection
	GlobalSection(SolutionProperties) = preSolution
		HideSolutionNode = FALSE
	EndGlobalSection
EndGlobal
